version: 6
environments:
  default:
    channels:
    - url: https://conda.anaconda.org/conda-forge/
    packages:
      osx-arm64:
      - conda: https://conda.anaconda.org/conda-forge/osx-arm64/rust-1.83.0-h4ff7c5d_0.conda
      - conda: https://conda.anaconda.org/conda-forge/noarch/rust-std-aarch64-apple-darwin-1.83.0-hf6ec828_0.conda
packages:
- conda: https://conda.anaconda.org/conda-forge/osx-arm64/rust-1.83.0-h4ff7c5d_0.conda
  sha256: 968a0dddb34fdd7575ce19e88b453985eb525752715fe5a6919a0ca62a697592
  md5: e8411e05c3f830b945950fbaa7e217f0
  depends:
  - rust-std-aarch64-apple-darwin 1.83.0 hf6ec828_0
  arch: arm64
  platform: osx
  license: MIT
  license_family: MIT
  size: 205660015
  timestamp: 1732868152162
- conda: https://conda.anaconda.org/conda-forge/noarch/rust-std-aarch64-apple-darwin-1.83.0-hf6ec828_0.conda
  sha256: 5b5e9a5e2e35de795d1464580e586ef55b42a62343eafb604c3d5f59ada7342e
  md5: 54657ae38d9f878ce6f86ec4865c8bfd
  depends:
  - __unix
  constrains:
  - rust >=1.83.0,<1.83.1.0a0
  license: MIT
  license_family: MIT
  size: 31871459
  timestamp: 1732865328438
